
Microsoft Visual Studio Solution File, Format Version 12.00
# Visual Studio Version 17
VisualStudioVersion = 17.7.34018.315
MinimumVisualStudioVersion = 10.0.40219.1
Project("{FAE04EC0-301F-11D3-BF4B-00C04F79EFBC}") = "GSP", "GSP\GSP.csproj", "{7EFA5C95-F0C9-4D29-8958-2382982C3B43}"
EndProject
Global
	GlobalSection(SolutionConfigurationPlatforms) = preSolution
		Debug|Any CPU = Debug|Any CPU
		Release|Any CPU = Release|Any CPU
	EndGlobalSection
	GlobalSection(ProjectConfigurationPlatforms) = postSolution
		{7EFA5C95-F0C9-4D29-8958-2382982C3B43}.Debug|Any CPU.ActiveCfg = Debug|Any CPU
		{7EFA5C95-F0C9-4D29-8958-2382982C3B43}.Debug|Any CPU.Build.0 = Debug|Any CPU
		{7EFA5C95-F0C9-4D29-8958-2382982C3B43}.Release|Any CPU.ActiveCfg = Release|Any CPU
		{7EFA5C95-F0C9-4D29-8958-2382982C3B43}.Release|Any CPU.Build.0 = Release|Any CPU
	EndGlobalSection
	GlobalSection(SolutionProperties) = preSolution
		HideSolutionNode = FALSE
	EndGlobalSection
	GlobalSection(ExtensibilityGlobals) = postSolution
		SolutionGuid = {985B979E-60B9-4F98-811C-C37181108A50}
	EndGlobalSection
EndGlobal
